
Microsoft Visual Studio Solution File, Format Version 12.00
# Visual Studio Version 16
VisualStudioVersion = 16.0.30011.22
MinimumVisualStudioVersion = 10.0.40219.1
Project("{FAE04EC0-301F-11D3-BF4B-00C04F79EFBC}") = "drhipocratesCore", "drhipocratesCore.csproj", "{38AF5F5C-4A95-4289-B396-447BD723F5A7}"
EndProject
Global
	GlobalSection(SolutionConfigurationPlatforms) = preSolution
		Debug|Any CPU = Debug|Any CPU
		Release|Any CPU = Release|Any CPU
	EndGlobalSection
	GlobalSection(ProjectConfigurationPlatforms) = postSolution
		{38AF5F5C-4A95-4289-B396-447BD723F5A7}.Debug|Any CPU.ActiveCfg = Debug|Any CPU
		{38AF5F5C-4A95-4289-B396-447BD723F5A7}.Debug|Any CPU.Build.0 = Debug|Any CPU
		{38AF5F5C-4A95-4289-B396-447BD723F5A7}.Release|Any CPU.ActiveCfg = Release|Any CPU
		{38AF5F5C-4A95-4289-B396-447BD723F5A7}.Release|Any CPU.Build.0 = Release|Any CPU
	EndGlobalSection
	GlobalSection(SolutionProperties) = preSolution
		HideSolutionNode = FALSE
	EndGlobalSection
	GlobalSection(ExtensibilityGlobals) = postSolution
		SolutionGuid = {3F97528D-9E66-4334-B1E1-8374B584BEBF}
	EndGlobalSection
EndGlobal
